{
	"name": "gem-frame",
	"version": "0.0.1",
	"lockfileVersion": 1,
	"requires": true,
	"dependencies": {
		"@mantou/gem": {
			"version": "0.4.2",
			"resolved": "https://registry.npmjs.org/@mantou/gem/-/gem-0.4.2.tgz",
			"integrity": "sha512-D5gYoUG4CXYCE8WIefDYTT0mNlGySWy9IPda49iaYJYhd1n0zv5fWFhhefRwlnE1iPdumj4RKIz2hdsd38GwAA==",
			"requires": {
				"lit-html": "^1.2.0"
			}
		},
		"lit-html": {
			"version": "1.2.1",
			"resolved": "https://registry.npmjs.org/lit-html/-/lit-html-1.2.1.tgz",
			"integrity": "sha512-GSJHHXMGLZDzTRq59IUfL9FCdAlGfqNp/dEa7k7aBaaWD+JKaCjsAk9KYm2V12ItonVaYx2dprN66Zdm1AuBTQ=="
		},
		"realms-shim": {
			"version": "git+https://github.com/mantou132/realms-shim.git#283676bd32c7852bdcfa477c039874a296bdaf69",
			"from": "git+https://github.com/mantou132/realms-shim.git"
		}
	}
}
