{
	"name": "gem-frame",
	"version": "0.0.1",
	"lockfileVersion": 2,
	"requires": true,
	"packages": {
		"": {
			"version": "0.0.1",
			"license": "ISC",
			"dependencies": {
				"@mantou/gem": "^0.4.2",
				"realms-shim": "mantou132/realms-shim"
			}
		},
		"node_modules/@mantou/gem": {
			"version": "0.4.2",
			"resolved": "https://registry.npmjs.org/@mantou/gem/-/gem-0.4.2.tgz",
			"integrity": "sha512-D5gYoUG4CXYCE8WIefDYTT0mNlGySWy9IPda49iaYJYhd1n0zv5fWFhhefRwlnE1iPdumj4RKIz2hdsd38GwAA==",
			"dependencies": {
				"lit-html": "^1.2.0"
			}
		},
		"node_modules/lit-html": {
			"version": "1.2.1",
			"resolved": "https://registry.npmjs.org/lit-html/-/lit-html-1.2.1.tgz",
			"integrity": "sha512-GSJHHXMGLZDzTRq59IUfL9FCdAlGfqNp/dEa7k7aBaaWD+JKaCjsAk9KYm2V12ItonVaYx2dprN66Zdm1AuBTQ=="
		},
		"node_modules/realms-shim": {
			"version": "1.0.0",
			"resolved": "git+ssh://git@github.com/mantou132/realms-shim.git#283676bd32c7852bdcfa477c039874a296bdaf69",
			"integrity": "sha512-WCf+gSNK069ceab03DTjy5If27aMs3NT3cijtB8YLg/RO0/bN0+kYBGkfAjSIjGvppqx0BQbcTlsRyzGFBrUEA==",
			"license": "Apache-2.0"
		}
	},
	"dependencies": {
		"@mantou/gem": {
			"version": "0.4.2",
			"resolved": "https://registry.npmjs.org/@mantou/gem/-/gem-0.4.2.tgz",
			"integrity": "sha512-D5gYoUG4CXYCE8WIefDYTT0mNlGySWy9IPda49iaYJYhd1n0zv5fWFhhefRwlnE1iPdumj4RKIz2hdsd38GwAA==",
			"requires": {
				"lit-html": "^1.2.0"
			}
		},
		"lit-html": {
			"version": "1.2.1",
			"resolved": "https://registry.npmjs.org/lit-html/-/lit-html-1.2.1.tgz",
			"integrity": "sha512-GSJHHXMGLZDzTRq59IUfL9FCdAlGfqNp/dEa7k7aBaaWD+JKaCjsAk9KYm2V12ItonVaYx2dprN66Zdm1AuBTQ=="
		},
		"realms-shim": {
			"version": "git+ssh://git@github.com/mantou132/realms-shim.git#283676bd32c7852bdcfa477c039874a296bdaf69",
			"integrity": "sha512-WCf+gSNK069ceab03DTjy5If27aMs3NT3cijtB8YLg/RO0/bN0+kYBGkfAjSIjGvppqx0BQbcTlsRyzGFBrUEA==",
			"from": "realms-shim@mantou132/realms-shim"
		}
	}
}
