# THIS IS AN AUTOGENERATED FILE. DO NOT EDIT THIS FILE DIRECTLY.
# yarn lockfile v1


"@mantou/gem@^1.6.0":
  version "1.6.13"
  resolved "https://registry.yarnpkg.com/@mantou/gem/-/gem-1.6.13.tgz#1c02f82807eda7ebfbbdaf7f90c2f5c81c70eac1"
  integrity sha512-7YwyQ7w074OedgfBP1re6Lg0ziOncg1gDjfr0osGc9sC5/m96K3HNIQCxTcuXI6wEhm4DPtrFgquaQtGuSkfEQ==
  dependencies:
    lit-html "^1.4.1"

lit-html@^1.4.1:
  version "1.4.1"
  resolved "https://registry.yarnpkg.com/lit-html/-/lit-html-1.4.1.tgz#0c6f3ee4ad4eb610a49831787f0478ad8e9ae5e0"
  integrity sha512-B9btcSgPYb1q4oSOb/PrOT6Z/H+r6xuNzfH4lFli/AWhYwdtrgQkQWBbIc6mdnf6E2IL3gDXdkkqNktpU0OZQA==

realms-shim@mantou132/realms-shim:
  version "1.0.0"
  resolved "https://codeload.github.com/mantou132/realms-shim/tar.gz/283676bd32c7852bdcfa477c039874a296bdaf69"
